{
  "nodes": {
    "barretenberg": {
      "inputs": {
        "flake-utils": [
          "flake-utils"
        ],
        "nixpkgs": [
          "nixpkgs"
        ]
      },
      "locked": {
        "lastModified": 1680207785,
        "narHash": "sha256-Pd/MAXDhwoojxE0sJZ8GEnvvhhPav6qbIHxiagaSOrU=",
        "owner": "AztecProtocol",
        "repo": "barretenberg",
        "rev": "38824504729c219db1c3072a3326e774cfbf0f02",
        "type": "github"
      },
      "original": {
        "owner": "AztecProtocol",
        "ref": "mv/ultra-range-dbg",
        "repo": "barretenberg",
        "type": "github"
      }
    },
    "crane": {
      "inputs": {
        "flake-compat": "flake-compat",
        "flake-utils": "flake-utils",
        "nixpkgs": [
          "nixpkgs"
        ],
        "rust-overlay": "rust-overlay"
      },
      "locked": {
        "lastModified": 1680063688,
        "narHash": "sha256-hVt0i96VjwxKb/PvPfxM2otfvz923b8JHQ/l5XWeDIM=",
        "owner": "ipetkov",
        "repo": "crane",
        "rev": "6736e8be8e451b49954213241360e3b72529e47f",
        "type": "github"
      },
      "original": {
        "owner": "ipetkov",
        "repo": "crane",
        "type": "github"
      }
    },
    "flake-compat": {
      "flake": false,
      "locked": {
        "lastModified": 1673956053,
        "narHash": "sha256-4gtG9iQuiKITOjNQQeQIpoIB6b16fm+504Ch3sNKLd8=",
        "owner": "edolstra",
        "repo": "flake-compat",
        "rev": "35bb57c0c8d8b62bbfd284272c928ceb64ddbde9",
        "type": "github"
      },
      "original": {
        "owner": "edolstra",
        "repo": "flake-compat",
        "type": "github"
      }
    },
    "flake-utils": {
      "locked": {
        "lastModified": 1676283394,
        "narHash": "sha256-XX2f9c3iySLCw54rJ/CZs+ZK6IQy7GXNY4nSOyu2QG4=",
        "owner": "numtide",
        "repo": "flake-utils",
        "rev": "3db36a8b464d0c4532ba1c7dda728f4576d6d073",
        "type": "github"
      },
      "original": {
        "owner": "numtide",
        "repo": "flake-utils",
        "type": "github"
      }
    },
    "flake-utils_2": {
      "locked": {
        "lastModified": 1678901627,
        "narHash": "sha256-U02riOqrKKzwjsxc/400XnElV+UtPUQWpANPlyazjH0=",
        "owner": "numtide",
        "repo": "flake-utils",
        "rev": "93a2b84fc4b70d9e089d029deacc3583435c2ed6",
        "type": "github"
      },
      "original": {
        "owner": "numtide",
        "repo": "flake-utils",
        "type": "github"
      }
    },
    "nixpkgs": {
      "locked": {
        "lastModified": 1680122840,
        "narHash": "sha256-zCQ/9iFHzCW5JMYkkHMwgK1/1/kTMgCMHq4THPINpAU=",
        "owner": "NixOS",
        "repo": "nixpkgs",
        "rev": "a575c243c23e2851b78c00e9fa245232926ec32f",
        "type": "github"
      },
      "original": {
        "owner": "NixOS",
        "ref": "nixos-22.11",
        "repo": "nixpkgs",
        "type": "github"
      }
    },
    "root": {
      "inputs": {
        "barretenberg": "barretenberg",
        "crane": "crane",
        "flake-utils": "flake-utils_2",
        "nixpkgs": "nixpkgs",
        "rust-overlay": "rust-overlay_2"
      }
    },
    "rust-overlay": {
      "inputs": {
        "flake-utils": [
          "crane",
          "flake-utils"
        ],
        "nixpkgs": [
          "crane",
          "nixpkgs"
        ]
      },
      "locked": {
        "lastModified": 1677812689,
        "narHash": "sha256-EakqhgRnjVeYJv5+BJx/NZ7/eFTMBxc4AhICUNquhUg=",
        "owner": "oxalica",
        "repo": "rust-overlay",
        "rev": "e53e8853aa7b0688bc270e9e6a681d22e01cf299",
        "type": "github"
      },
      "original": {
        "owner": "oxalica",
        "repo": "rust-overlay",
        "type": "github"
      }
    },
    "rust-overlay_2": {
      "inputs": {
        "flake-utils": [
          "flake-utils"
        ],
        "nixpkgs": [
          "nixpkgs"
        ]
      },
      "locked": {
        "lastModified": 1680142912,
        "narHash": "sha256-o28gi3WKSsVeXg3wDSR2kGpawrDO5lzGG4eUsLTPglw=",
        "owner": "oxalica",
        "repo": "rust-overlay",
        "rev": "f20680efa5faf2b7aa164e8f8bc0e69e5be5e8de",
        "type": "github"
      },
      "original": {
        "owner": "oxalica",
        "repo": "rust-overlay",
        "type": "github"
      }
    }
  },
  "root": "root",
  "version": 7
}
